
Microsoft Visual Studio Solution File, Format Version 12.00
# Visual Studio Version 17
VisualStudioVersion = 17.4.33213.308
MinimumVisualStudioVersion = 10.0.40219.1
Project("{FAE04EC0-301F-11D3-BF4B-00C04F79EFBC}") = "PronamicsToyRobot", "PronamicsToyRobot\PronamicsToyRobot.csproj", "{A049FBA2-2006-42D1-8FEA-C7CC42EA8BEF}"
EndProject
Global
	GlobalSection(SolutionConfigurationPlatforms) = preSolution
		Debug|Any CPU = Debug|Any CPU
		Release|Any CPU = Release|Any CPU
	EndGlobalSection
	GlobalSection(ProjectConfigurationPlatforms) = postSolution
		{A049FBA2-2006-42D1-8FEA-C7CC42EA8BEF}.Debug|Any CPU.ActiveCfg = Debug|Any CPU
		{A049FBA2-2006-42D1-8FEA-C7CC42EA8BEF}.Debug|Any CPU.Build.0 = Debug|Any CPU
		{A049FBA2-2006-42D1-8FEA-C7CC42EA8BEF}.Release|Any CPU.ActiveCfg = Release|Any CPU
		{A049FBA2-2006-42D1-8FEA-C7CC42EA8BEF}.Release|Any CPU.Build.0 = Release|Any CPU
	EndGlobalSection
	GlobalSection(SolutionProperties) = preSolution
		HideSolutionNode = FALSE
	EndGlobalSection
	GlobalSection(ExtensibilityGlobals) = postSolution
		SolutionGuid = {8616D288-6CEB-4615-BF22-71A3AF1C7CFD}
	EndGlobalSection
EndGlobal
